
Microsoft Visual Studio Solution File, Format Version 12.00
# Visual Studio Version 17
VisualStudioVersion = 17.0.31903.59
MinimumVisualStudioVersion = 10.0.40219.1
Project("{FAE04EC0-301F-11D3-BF4B-00C04F79EFBC}") = "Application", "Application\Application.csproj", "{962B940B-59C0-46AD-B76C-55AF127EE061}"
EndProject
Project("{FAE04EC0-301F-11D3-BF4B-00C04F79EFBC}") = "Infrastructure", "Infrastructure\Infrastructure.csproj", "{E4B9102A-B1C9-417A-8611-65AD5F242CB3}"
EndProject
Project("{FAE04EC0-301F-11D3-BF4B-00C04F79EFBC}") = "Domain", "Domain\Domain.csproj", "{043F5630-7F7D-4252-9881-9F9E67170B75}"
EndProject
Project("{FAE04EC0-301F-11D3-BF4B-00C04F79EFBC}") = "Api", "Api\Api.csproj", "{BA5A0850-CAB8-464E-B043-427A75D6C5D4}"
EndProject
Project("{FAE04EC0-301F-11D3-BF4B-00C04F79EFBC}") = "Application.Tests", "Application.Tests\Application.Tests.csproj", "{CA096B5E-46BB-4030-9200-845BEFF62662}"
EndProject
Global
	GlobalSection(SolutionConfigurationPlatforms) = preSolution
		Debug|Any CPU = Debug|Any CPU
		Release|Any CPU = Release|Any CPU
	EndGlobalSection
	GlobalSection(ProjectConfigurationPlatforms) = postSolution
		{962B940B-59C0-46AD-B76C-55AF127EE061}.Debug|Any CPU.ActiveCfg = Debug|Any CPU
		{962B940B-59C0-46AD-B76C-55AF127EE061}.Debug|Any CPU.Build.0 = Debug|Any CPU
		{962B940B-59C0-46AD-B76C-55AF127EE061}.Release|Any CPU.ActiveCfg = Release|Any CPU
		{962B940B-59C0-46AD-B76C-55AF127EE061}.Release|Any CPU.Build.0 = Release|Any CPU
		{E4B9102A-B1C9-417A-8611-65AD5F242CB3}.Debug|Any CPU.ActiveCfg = Debug|Any CPU
		{E4B9102A-B1C9-417A-8611-65AD5F242CB3}.Debug|Any CPU.Build.0 = Debug|Any CPU
		{E4B9102A-B1C9-417A-8611-65AD5F242CB3}.Release|Any CPU.ActiveCfg = Release|Any CPU
		{E4B9102A-B1C9-417A-8611-65AD5F242CB3}.Release|Any CPU.Build.0 = Release|Any CPU
		{043F5630-7F7D-4252-9881-9F9E67170B75}.Debug|Any CPU.ActiveCfg = Debug|Any CPU
		{043F5630-7F7D-4252-9881-9F9E67170B75}.Debug|Any CPU.Build.0 = Debug|Any CPU
		{043F5630-7F7D-4252-9881-9F9E67170B75}.Release|Any CPU.ActiveCfg = Release|Any CPU
		{043F5630-7F7D-4252-9881-9F9E67170B75}.Release|Any CPU.Build.0 = Release|Any CPU
		{BA5A0850-CAB8-464E-B043-427A75D6C5D4}.Debug|Any CPU.ActiveCfg = Debug|Any CPU
		{BA5A0850-CAB8-464E-B043-427A75D6C5D4}.Debug|Any CPU.Build.0 = Debug|Any CPU
		{BA5A0850-CAB8-464E-B043-427A75D6C5D4}.Release|Any CPU.ActiveCfg = Release|Any CPU
		{BA5A0850-CAB8-464E-B043-427A75D6C5D4}.Release|Any CPU.Build.0 = Release|Any CPU
		{CA096B5E-46BB-4030-9200-845BEFF62662}.Debug|Any CPU.ActiveCfg = Debug|Any CPU
		{CA096B5E-46BB-4030-9200-845BEFF62662}.Debug|Any CPU.Build.0 = Debug|Any CPU
		{CA096B5E-46BB-4030-9200-845BEFF62662}.Release|Any CPU.ActiveCfg = Release|Any CPU
		{CA096B5E-46BB-4030-9200-845BEFF62662}.Release|Any CPU.Build.0 = Release|Any CPU
	EndGlobalSection
	GlobalSection(SolutionProperties) = preSolution
		HideSolutionNode = FALSE
	EndGlobalSection
EndGlobal
